
Microsoft Visual Studio Solution File, Format Version 12.00
# Visual Studio 2013
VisualStudioVersion = 12.0.21005.1
MinimumVisualStudioVersion = 10.0.40219.1
Project("{8BC9CEB8-8B4A-11D0-8D11-00A0C91BC942}") = "BRenderLib", "BRenderLib\BRenderLib.vcxproj", "{453426B3-7356-47F7-A1F1-B93AC8B54679}"
EndProject
Project("{8BC9CEB8-8B4A-11D0-8D11-00A0C91BC942}") = "BRenderTest", "BRenderTest\BRenderTest.vcxproj", "{2BDAF03E-DF12-4A2E-A666-E0F1CA83D90C}"
	ProjectSection(ProjectDependencies) = postProject
		{453426B3-7356-47F7-A1F1-B93AC8B54679} = {453426B3-7356-47F7-A1F1-B93AC8B54679}
	EndProjectSection
EndProject
Project("{8BC9CEB8-8B4A-11D0-8D11-00A0C91BC942}") = "OpenCarma", "OpenCarma\OpenCarma.vcxproj", "{D35EE929-B3C8-43C7-99BE-D0542312BC63}"
	ProjectSection(ProjectDependencies) = postProject
		{453426B3-7356-47F7-A1F1-B93AC8B54679} = {453426B3-7356-47F7-A1F1-B93AC8B54679}
	EndProjectSection
EndProject
Project("{8BC9CEB8-8B4A-11D0-8D11-00A0C91BC942}") = "TextDecoder", "TextDecoder\TextDecoder.vcxproj", "{F8AB35A4-517D-4A8C-B005-117464E4172C}"
EndProject
Global
	GlobalSection(SolutionConfigurationPlatforms) = preSolution
		Debug|Win32 = Debug|Win32
		Release|Win32 = Release|Win32
	EndGlobalSection
	GlobalSection(ProjectConfigurationPlatforms) = postSolution
		{453426B3-7356-47F7-A1F1-B93AC8B54679}.Debug|Win32.ActiveCfg = Debug|Win32
		{453426B3-7356-47F7-A1F1-B93AC8B54679}.Debug|Win32.Build.0 = Debug|Win32
		{453426B3-7356-47F7-A1F1-B93AC8B54679}.Release|Win32.ActiveCfg = Release|Win32
		{453426B3-7356-47F7-A1F1-B93AC8B54679}.Release|Win32.Build.0 = Release|Win32
		{2BDAF03E-DF12-4A2E-A666-E0F1CA83D90C}.Debug|Win32.ActiveCfg = Debug|Win32
		{2BDAF03E-DF12-4A2E-A666-E0F1CA83D90C}.Debug|Win32.Build.0 = Debug|Win32
		{2BDAF03E-DF12-4A2E-A666-E0F1CA83D90C}.Release|Win32.ActiveCfg = Release|Win32
		{2BDAF03E-DF12-4A2E-A666-E0F1CA83D90C}.Release|Win32.Build.0 = Release|Win32
		{D35EE929-B3C8-43C7-99BE-D0542312BC63}.Debug|Win32.ActiveCfg = Debug|Win32
		{D35EE929-B3C8-43C7-99BE-D0542312BC63}.Debug|Win32.Build.0 = Debug|Win32
		{D35EE929-B3C8-43C7-99BE-D0542312BC63}.Release|Win32.ActiveCfg = Release|Win32
		{D35EE929-B3C8-43C7-99BE-D0542312BC63}.Release|Win32.Build.0 = Release|Win32
		{F8AB35A4-517D-4A8C-B005-117464E4172C}.Debug|Win32.ActiveCfg = Debug|Win32
		{F8AB35A4-517D-4A8C-B005-117464E4172C}.Debug|Win32.Build.0 = Debug|Win32
		{F8AB35A4-517D-4A8C-B005-117464E4172C}.Release|Win32.ActiveCfg = Release|Win32
		{F8AB35A4-517D-4A8C-B005-117464E4172C}.Release|Win32.Build.0 = Release|Win32
	EndGlobalSection
	GlobalSection(SolutionProperties) = preSolution
		HideSolutionNode = FALSE
	EndGlobalSection
EndGlobal
