
Microsoft Visual Studio Solution File, Format Version 12.00
# Visual Studio 14
VisualStudioVersion = 14.0.25123.0
MinimumVisualStudioVersion = 10.0.40219.1
Project("{8BC9CEB8-8B4A-11D0-8D11-00A0C91BC942}") = "BitlinkerCommons", "BitlinkerCommons\BitlinkerCommons.vcxproj", "{F6EAF9A2-3F22-4F5E-BCC6-51076AEDB4AD}"
EndProject
Project("{8BC9CEB8-8B4A-11D0-8D11-00A0C91BC942}") = "BRenderLib", "BRenderLib\BRenderLib.vcxproj", "{AB283419-DF6E-479B-A2D6-F35F108E797D}"
	ProjectSection(ProjectDependencies) = postProject
		{F6EAF9A2-3F22-4F5E-BCC6-51076AEDB4AD} = {F6EAF9A2-3F22-4F5E-BCC6-51076AEDB4AD}
	EndProjectSection
EndProject
Project("{8BC9CEB8-8B4A-11D0-8D11-00A0C91BC942}") = "TextDecoder", "TextDecoder\TextDecoder.vcxproj", "{444D083E-7BE7-4149-8F94-0A05DA10BEDA}"
EndProject
Project("{8BC9CEB8-8B4A-11D0-8D11-00A0C91BC942}") = "BRenderTest", "BRenderTest\BRenderTest.vcxproj", "{50E2C615-CF4C-48CE-9A55-CC22AC2E2D80}"
	ProjectSection(ProjectDependencies) = postProject
		{AB283419-DF6E-479B-A2D6-F35F108E797D} = {AB283419-DF6E-479B-A2D6-F35F108E797D}
		{F6EAF9A2-3F22-4F5E-BCC6-51076AEDB4AD} = {F6EAF9A2-3F22-4F5E-BCC6-51076AEDB4AD}
	EndProjectSection
EndProject
Project("{8BC9CEB8-8B4A-11D0-8D11-00A0C91BC942}") = "ActorDump", "ActorDump\ActorDump.vcxproj", "{6F717575-790A-4E16-A6C4-F5260A285087}"
EndProject
Project("{8BC9CEB8-8B4A-11D0-8D11-00A0C91BC942}") = "OpenCarma", "OpenCarma\OpenCarma.vcxproj", "{5A5AD4E5-778C-40A7-9072-7B00C9A20F3D}"
EndProject
Project("{8BC9CEB8-8B4A-11D0-8D11-00A0C91BC942}") = "TextLib", "TextLib\TextLib.vcxproj", "{BA26134E-DC44-4720-BC5C-3D1407D11BCA}"
EndProject
Global
	GlobalSection(SolutionConfigurationPlatforms) = preSolution
		Debug|x64 = Debug|x64
		Debug|x86 = Debug|x86
		Release|x64 = Release|x64
		Release|x86 = Release|x86
	EndGlobalSection
	GlobalSection(ProjectConfigurationPlatforms) = postSolution
		{F6EAF9A2-3F22-4F5E-BCC6-51076AEDB4AD}.Debug|x64.ActiveCfg = Debug|x64
		{F6EAF9A2-3F22-4F5E-BCC6-51076AEDB4AD}.Debug|x64.Build.0 = Debug|x64
		{F6EAF9A2-3F22-4F5E-BCC6-51076AEDB4AD}.Debug|x86.ActiveCfg = Debug|Win32
		{F6EAF9A2-3F22-4F5E-BCC6-51076AEDB4AD}.Debug|x86.Build.0 = Debug|Win32
		{F6EAF9A2-3F22-4F5E-BCC6-51076AEDB4AD}.Release|x64.ActiveCfg = Release|x64
		{F6EAF9A2-3F22-4F5E-BCC6-51076AEDB4AD}.Release|x64.Build.0 = Release|x64
		{F6EAF9A2-3F22-4F5E-BCC6-51076AEDB4AD}.Release|x86.ActiveCfg = Release|Win32
		{F6EAF9A2-3F22-4F5E-BCC6-51076AEDB4AD}.Release|x86.Build.0 = Release|Win32
		{AB283419-DF6E-479B-A2D6-F35F108E797D}.Debug|x64.ActiveCfg = Debug|x64
		{AB283419-DF6E-479B-A2D6-F35F108E797D}.Debug|x64.Build.0 = Debug|x64
		{AB283419-DF6E-479B-A2D6-F35F108E797D}.Debug|x86.ActiveCfg = Debug|Win32
		{AB283419-DF6E-479B-A2D6-F35F108E797D}.Debug|x86.Build.0 = Debug|Win32
		{AB283419-DF6E-479B-A2D6-F35F108E797D}.Release|x64.ActiveCfg = Release|x64
		{AB283419-DF6E-479B-A2D6-F35F108E797D}.Release|x64.Build.0 = Release|x64
		{AB283419-DF6E-479B-A2D6-F35F108E797D}.Release|x86.ActiveCfg = Release|Win32
		{AB283419-DF6E-479B-A2D6-F35F108E797D}.Release|x86.Build.0 = Release|Win32
		{444D083E-7BE7-4149-8F94-0A05DA10BEDA}.Debug|x64.ActiveCfg = Debug|x64
		{444D083E-7BE7-4149-8F94-0A05DA10BEDA}.Debug|x64.Build.0 = Debug|x64
		{444D083E-7BE7-4149-8F94-0A05DA10BEDA}.Debug|x86.ActiveCfg = Debug|Win32
		{444D083E-7BE7-4149-8F94-0A05DA10BEDA}.Debug|x86.Build.0 = Debug|Win32
		{444D083E-7BE7-4149-8F94-0A05DA10BEDA}.Release|x64.ActiveCfg = Release|x64
		{444D083E-7BE7-4149-8F94-0A05DA10BEDA}.Release|x64.Build.0 = Release|x64
		{444D083E-7BE7-4149-8F94-0A05DA10BEDA}.Release|x86.ActiveCfg = Release|Win32
		{444D083E-7BE7-4149-8F94-0A05DA10BEDA}.Release|x86.Build.0 = Release|Win32
		{50E2C615-CF4C-48CE-9A55-CC22AC2E2D80}.Debug|x64.ActiveCfg = Debug|x64
		{50E2C615-CF4C-48CE-9A55-CC22AC2E2D80}.Debug|x64.Build.0 = Debug|x64
		{50E2C615-CF4C-48CE-9A55-CC22AC2E2D80}.Debug|x86.ActiveCfg = Debug|Win32
		{50E2C615-CF4C-48CE-9A55-CC22AC2E2D80}.Debug|x86.Build.0 = Debug|Win32
		{50E2C615-CF4C-48CE-9A55-CC22AC2E2D80}.Release|x64.ActiveCfg = Release|x64
		{50E2C615-CF4C-48CE-9A55-CC22AC2E2D80}.Release|x64.Build.0 = Release|x64
		{50E2C615-CF4C-48CE-9A55-CC22AC2E2D80}.Release|x86.ActiveCfg = Release|Win32
		{50E2C615-CF4C-48CE-9A55-CC22AC2E2D80}.Release|x86.Build.0 = Release|Win32
		{6F717575-790A-4E16-A6C4-F5260A285087}.Debug|x64.ActiveCfg = Debug|x64
		{6F717575-790A-4E16-A6C4-F5260A285087}.Debug|x64.Build.0 = Debug|x64
		{6F717575-790A-4E16-A6C4-F5260A285087}.Debug|x86.ActiveCfg = Debug|Win32
		{6F717575-790A-4E16-A6C4-F5260A285087}.Debug|x86.Build.0 = Debug|Win32
		{6F717575-790A-4E16-A6C4-F5260A285087}.Release|x64.ActiveCfg = Release|x64
		{6F717575-790A-4E16-A6C4-F5260A285087}.Release|x64.Build.0 = Release|x64
		{6F717575-790A-4E16-A6C4-F5260A285087}.Release|x86.ActiveCfg = Release|Win32
		{6F717575-790A-4E16-A6C4-F5260A285087}.Release|x86.Build.0 = Release|Win32
		{5A5AD4E5-778C-40A7-9072-7B00C9A20F3D}.Debug|x64.ActiveCfg = Debug|x64
		{5A5AD4E5-778C-40A7-9072-7B00C9A20F3D}.Debug|x64.Build.0 = Debug|x64
		{5A5AD4E5-778C-40A7-9072-7B00C9A20F3D}.Debug|x86.ActiveCfg = Debug|Win32
		{5A5AD4E5-778C-40A7-9072-7B00C9A20F3D}.Debug|x86.Build.0 = Debug|Win32
		{5A5AD4E5-778C-40A7-9072-7B00C9A20F3D}.Release|x64.ActiveCfg = Release|x64
		{5A5AD4E5-778C-40A7-9072-7B00C9A20F3D}.Release|x64.Build.0 = Release|x64
		{5A5AD4E5-778C-40A7-9072-7B00C9A20F3D}.Release|x86.ActiveCfg = Release|Win32
		{5A5AD4E5-778C-40A7-9072-7B00C9A20F3D}.Release|x86.Build.0 = Release|Win32
		{BA26134E-DC44-4720-BC5C-3D1407D11BCA}.Debug|x64.ActiveCfg = Debug|x64
		{BA26134E-DC44-4720-BC5C-3D1407D11BCA}.Debug|x64.Build.0 = Debug|x64
		{BA26134E-DC44-4720-BC5C-3D1407D11BCA}.Debug|x86.ActiveCfg = Debug|Win32
		{BA26134E-DC44-4720-BC5C-3D1407D11BCA}.Debug|x86.Build.0 = Debug|Win32
		{BA26134E-DC44-4720-BC5C-3D1407D11BCA}.Release|x64.ActiveCfg = Release|x64
		{BA26134E-DC44-4720-BC5C-3D1407D11BCA}.Release|x64.Build.0 = Release|x64
		{BA26134E-DC44-4720-BC5C-3D1407D11BCA}.Release|x86.ActiveCfg = Release|Win32
		{BA26134E-DC44-4720-BC5C-3D1407D11BCA}.Release|x86.Build.0 = Release|Win32
	EndGlobalSection
	GlobalSection(SolutionProperties) = preSolution
		HideSolutionNode = FALSE
	EndGlobalSection
EndGlobal
