<?xml version="1.0" encoding="utf-8"?>
<Project ToolsVersion="4.0" xmlns="http://schemas.microsoft.com/developer/msbuild/2003">
  <ItemGroup>
    <Filter Include="Src">
      <UniqueIdentifier>{c86fd1ee-cd6d-499f-a414-13949700eaa1}</UniqueIdentifier>
    </Filter>
    <Filter Include="Src\Objects">
      <UniqueIdentifier>{fac73930-17fe-4d30-af8a-872e89021f6d}</UniqueIdentifier>
    </Filter>
    <Filter Include="Src\Serialization">
      <UniqueIdentifier>{6256d053-8751-463d-8432-c0963639eba6}</UniqueIdentifier>
    </Filter>
  </ItemGroup>
  <ItemGroup>
    <Text Include="ReadMe.txt" />
  </ItemGroup>
  <ItemGroup>
    <ClInclude Include="Common.h">
      <Filter>Src</Filter>
    </ClInclude>
    <ClInclude Include="Exception.h">
      <Filter>Src</Filter>
    </ClInclude>
    <ClInclude Include="BigEndianStreamReader.h">
      <Filter>Src</Filter>
    </ClInclude>
    <ClInclude Include="Objects\Actor.h">
      <Filter>Src\Objects</Filter>
    </ClInclude>
    <ClInclude Include="Objects\Material.h">
      <Filter>Src\Objects</Filter>
    </ClInclude>
    <ClInclude Include="Objects\Model.h">
      <Filter>Src\Objects</Filter>
    </ClInclude>
    <ClInclude Include="Objects\Palette.h">
      <Filter>Src\Objects</Filter>
    </ClInclude>
    <ClInclude Include="Objects\Pixmap.h">
      <Filter>Src\Objects</Filter>
    </ClInclude>
    <ClInclude Include="Objects\Shadetab.h">
      <Filter>Src\Objects</Filter>
    </ClInclude>
    <ClInclude Include="Serialization\TextureSerializer.h">
      <Filter>Src\Serialization</Filter>
    </ClInclude>
    <ClInclude Include="Objects\ChunkHeader.h">
      <Filter>Src\Objects</Filter>
    </ClInclude>
    <ClInclude Include="Serialization\PaletteSerializer.h">
      <Filter>Src\Serialization</Filter>
    </ClInclude>
    <ClInclude Include="Serialization\ModelSerializer.h">
      <Filter>Src\Serialization</Filter>
    </ClInclude>
    <ClInclude Include="EndianConverter.h" />
    <ClInclude Include="Serialization\MaterialSerializer.h">
      <Filter>Src\Serialization</Filter>
    </ClInclude>
    <ClInclude Include="Serialization\ActorSerializer.h">
      <Filter>Src\Serialization</Filter>
    </ClInclude>
  </ItemGroup>
  <ItemGroup>
    <ClCompile Include="BigEndianStreamReader.cpp">
      <Filter>Src</Filter>
    </ClCompile>
    <ClCompile Include="Objects\Actor.cpp">
      <Filter>Src\Objects</Filter>
    </ClCompile>
    <ClCompile Include="Objects\Material.cpp">
      <Filter>Src\Objects</Filter>
    </ClCompile>
    <ClCompile Include="Objects\Model.cpp">
      <Filter>Src\Objects</Filter>
    </ClCompile>
    <ClCompile Include="Objects\Palette.cpp">
      <Filter>Src\Objects</Filter>
    </ClCompile>
    <ClCompile Include="Objects\Pixmap.cpp">
      <Filter>Src\Objects</Filter>
    </ClCompile>
    <ClCompile Include="Objects\Shadetab.cpp">
      <Filter>Src\Objects</Filter>
    </ClCompile>
    <ClCompile Include="Serialization\TextureSerializer.cpp">
      <Filter>Src\Serialization</Filter>
    </ClCompile>
    <ClCompile Include="Objects\ChunkHeader.cpp">
      <Filter>Src\Objects</Filter>
    </ClCompile>
    <ClCompile Include="Serialization\PaletteSerializer.cpp">
      <Filter>Src\Serialization</Filter>
    </ClCompile>
    <ClCompile Include="Serialization\ModelSerializer.cpp">
      <Filter>Src\Serialization</Filter>
    </ClCompile>
    <ClCompile Include="EndianConverter.cpp" />
    <ClCompile Include="Serialization\MaterialSerializer.cpp">
      <Filter>Src\Serialization</Filter>
    </ClCompile>
    <ClCompile Include="Serialization\ActorSerializer.cpp">
      <Filter>Src\Serialization</Filter>
    </ClCompile>
  </ItemGroup>
</Project>